
Microsoft Visual Studio Solution File, Format Version 12.00
# Visual Studio Version 17
VisualStudioVersion = 17.4.33213.308
MinimumVisualStudioVersion = 10.0.40219.1
Project("{FAE04EC0-301F-11D3-BF4B-00C04F79EFBC}") = "SnakeGameWF", "SnakeGameWF\SnakeGameWF.csproj", "{DF48CEE0-6402-4861-890B-CA62E66F94AA}"
EndProject
Global
	GlobalSection(SolutionConfigurationPlatforms) = preSolution
		Debug|Any CPU = Debug|Any CPU
		Release|Any CPU = Release|Any CPU
	EndGlobalSection
	GlobalSection(ProjectConfigurationPlatforms) = postSolution
		{DF48CEE0-6402-4861-890B-CA62E66F94AA}.Debug|Any CPU.ActiveCfg = Debug|Any CPU
		{DF48CEE0-6402-4861-890B-CA62E66F94AA}.Debug|Any CPU.Build.0 = Debug|Any CPU
		{DF48CEE0-6402-4861-890B-CA62E66F94AA}.Release|Any CPU.ActiveCfg = Release|Any CPU
		{DF48CEE0-6402-4861-890B-CA62E66F94AA}.Release|Any CPU.Build.0 = Release|Any CPU
	EndGlobalSection
	GlobalSection(SolutionProperties) = preSolution
		HideSolutionNode = FALSE
	EndGlobalSection
	GlobalSection(ExtensibilityGlobals) = postSolution
		SolutionGuid = {614012F5-84DD-4983-9852-B2E157762594}
	EndGlobalSection
EndGlobal
